// !$*UTF8*$!
{
	archiveVersion = 1;
	classes = {
	};
	objectVersion = 50;
	objects = {

/* Begin PBXBuildFile section */
		ED3A179A23C0C78100EC96CE /* AppDelegate.swift in Sources */ = {isa = PBXBuildFile; fileRef = ED3A179923C0C78100EC96CE /* AppDelegate.swift */; };
		ED3A179C23C0C78100EC96CE /* SceneDelegate.swift in Sources */ = {isa = PBXBuildFile; fileRef = ED3A179B23C0C78100EC96CE /* SceneDelegate.swift */; };
		ED3A179E23C0C78100EC96CE /* ViewController.swift in Sources */ = {isa = PBXBuildFile; fileRef = ED3A179D23C0C78100EC96CE /* ViewController.swift */; };
		ED3A17A123C0C78100EC96CE /* Main.storyboard in Resources */ = {isa = PBXBuildFile; fileRef = ED3A179F23C0C78100EC96CE /* Main.storyboard */; };
		ED3A17A323C0C78400EC96CE /* Assets.xcassets in Resources */ = {isa = PBXBuildFile; fileRef = ED3A17A223C0C78400EC96CE /* Assets.xcassets */; };
		ED3A17A623C0C78400EC96CE /* LaunchScreen.storyboard in Resources */ = {isa = PBXBuildFile; fileRef = ED3A17A423C0C78400EC96CE /* LaunchScreen.storyboard */; };
		ED3A17AE23C0C88500EC96CE /* ARBall.swift in Sources */ = {isa = PBXBuildFile; fileRef = ED3A17AD23C0C88500EC96CE /* ARBall.swift */; };
		ED3A17B023C3811100EC96CE /* peka.png in Resources */ = {isa = PBXBuildFile; fileRef = ED3A17AF23C3811100EC96CE /* peka.png */; };
		ED3A17B623C3838400EC96CE /* peka2.png in Resources */ = {isa = PBXBuildFile; fileRef = ED3A17B523C3838400EC96CE /* peka2.png */; };
/* End PBXBuildFile section */

/* Begin PBXFileReference section */
		ED3A179623C0C78100EC96CE /* AR.app */ = {isa = PBXFileReference; explicitFileType = wrapper.application; includeInIndex = 0; path = AR.app; sourceTree = BUILT_PRODUCTS_DIR; };
		ED3A179923C0C78100EC96CE /* AppDelegate.swift */ = {isa = PBXFileReference; lastKnownFileType = sourcecode.swift; path = AppDelegate.swift; sourceTree = "<group>"; };
		ED3A179B23C0C78100EC96CE /* SceneDelegate.swift */ = {isa = PBXFileReference; lastKnownFileType = sourcecode.swift; path = SceneDelegate.swift; sourceTree = "<group>"; };
		ED3A179D23C0C78100EC96CE /* ViewController.swift */ = {isa = PBXFileReference; lastKnownFileType = sourcecode.swift; path = ViewController.swift; sourceTree = "<group>"; };
		ED3A17A023C0C78100EC96CE /* Base */ = {isa = PBXFileReference; lastKnownFileType = file.storyboard; name = Base; path = Base.lproj/Main.storyboard; sourceTree = "<group>"; };
		ED3A17A223C0C78400EC96CE /* Assets.xcassets */ = {isa = PBXFileReference; lastKnownFileType = folder.assetcatalog; path = Assets.xcassets; sourceTree = "<group>"; };
		ED3A17A523C0C78400EC96CE /* Base */ = {isa = PBXFileReference; lastKnownFileType = file.storyboard; name = Base; path = Base.lproj/LaunchScreen.storyboard; sourceTree = "<group>"; };
		ED3A17A723C0C78400EC96CE /* Info.plist */ = {isa = PBXFileReference; lastKnownFileType = text.plist.xml; path = Info.plist; sourceTree = "<group>"; };
		ED3A17AD23C0C88500EC96CE /* ARBall.swift */ = {isa = PBXFileReference; lastKnownFileType = sourcecode.swift; path = ARBall.swift; sourceTree = "<group>"; };
		ED3A17AF23C3811100EC96CE /* peka.png */ = {isa = PBXFileReference; lastKnownFileType = image.png; path = peka.png; sourceTree = "<group>"; };
		ED3A17B523C3838400EC96CE /* peka2.png */ = {isa = PBXFileReference; lastKnownFileType = image.png; path = peka2.png; sourceTree = "<group>"; };
/* End PBXFileReference section */

/* Begin PBXFrameworksBuildPhase section */
		ED3A179323C0C78100EC96CE /* Frameworks */ = {
			isa = PBXFrameworksBuildPhase;
			buildActionMask = 2147483647;
			files = (
			);
			runOnlyForDeploymentPostprocessing = 0;
		};
/* End PBXFrameworksBuildPhase section */

/* Begin PBXGroup section */
		ED3A178D23C0C78100EC96CE = {
			isa = PBXGroup;
			children = (
				ED3A179823C0C78100EC96CE /* AR */,
				ED3A179723C0C78100EC96CE /* Products */,
			);
			sourceTree = "<group>";
		};
		ED3A179723C0C78100EC96CE /* Products */ = {
			isa = PBXGroup;
			children = (
				ED3A179623C0C78100EC96CE /* AR.app */,
			);
			name = Products;
			sourceTree = "<group>";
		};
		ED3A179823C0C78100EC96CE /* AR */ = {
			isa = PBXGroup;
			children = (
				ED3A179923C0C78100EC96CE /* AppDelegate.swift */,
				ED3A179B23C0C78100EC96CE /* SceneDelegate.swift */,
				ED3A179D23C0C78100EC96CE /* ViewController.swift */,
				ED3A17AF23C3811100EC96CE /* peka.png */,
				ED3A17B523C3838400EC96CE /* peka2.png */,
				ED3A17AD23C0C88500EC96CE /* ARBall.swift */,
				ED3A179F23C0C78100EC96CE /* Main.storyboard */,
				ED3A17A223C0C78400EC96CE /* Assets.xcassets */,
				ED3A17A423C0C78400EC96CE /* LaunchScreen.storyboard */,
				ED3A17A723C0C78400EC96CE /* Info.plist */,
			);
			path = AR;
			sourceTree = "<group>";
		};
/* End PBXGroup section */

/* Begin PBXNativeTarget section */
		ED3A179523C0C78100EC96CE /* AR */ = {
			isa = PBXNativeTarget;
			buildConfigurationList = ED3A17AA23C0C78400EC96CE /* Build configuration list for PBXNativeTarget "AR" */;
			buildPhases = (
				ED3A179223C0C78100EC96CE /* Sources */,
				ED3A179323C0C78100EC96CE /* Frameworks */,
				ED3A179423C0C78100EC96CE /* Resources */,
			);
			buildRules = (
			);
			dependencies = (
			);
			name = AR;
			productName = AR;
			productReference = ED3A179623C0C78100EC96CE /* AR.app */;
			productType = "com.apple.product-type.application";
		};
/* End PBXNativeTarget section */

/* Begin PBXProject section */
		ED3A178E23C0C78100EC96CE /* Project object */ = {
			isa = PBXProject;
			attributes = {
				LastSwiftUpdateCheck = 1130;
				LastUpgradeCheck = 1130;
				ORGANIZATIONNAME = AppCraft;
				TargetAttributes = {
					ED3A179523C0C78100EC96CE = {
						CreatedOnToolsVersion = 11.3;
					};
				};
			};
			buildConfigurationList = ED3A179123C0C78100EC96CE /* Build configuration list for PBXProject "AR" */;
			compatibilityVersion = "Xcode 9.3";
			developmentRegion = en;
			hasScannedForEncodings = 0;
			knownRegions = (
				en,
				Base,
			);
			mainGroup = ED3A178D23C0C78100EC96CE;
			productRefGroup = ED3A179723C0C78100EC96CE /* Products */;
			projectDirPath = "";
			projectRoot = "";
			targets = (
				ED3A179523C0C78100EC96CE /* AR */,
			);
		};
/* End PBXProject section */

/* Begin PBXResourcesBuildPhase section */
		ED3A179423C0C78100EC96CE /* Resources */ = {
			isa = PBXResourcesBuildPhase;
			buildActionMask = 2147483647;
			files = (
				ED3A17B023C3811100EC96CE /* peka.png in Resources */,
				ED3A17A623C0C78400EC96CE /* LaunchScreen.storyboard in Resources */,
				ED3A17A323C0C78400EC96CE /* Assets.xcassets in Resources */,
				ED3A17A123C0C78100EC96CE /* Main.storyboard in Resources */,
				ED3A17B623C3838400EC96CE /* peka2.png in Resources */,
			);
			runOnlyForDeploymentPostprocessing = 0;
		};
/* End PBXResourcesBuildPhase section */

/* Begin PBXSourcesBuildPhase section */
		ED3A179223C0C78100EC96CE /* Sources */ = {
			isa = PBXSourcesBuildPhase;
			buildActionMask = 2147483647;
			files = (
				ED3A179E23C0C78100EC96CE /* ViewController.swift in Sources */,
				ED3A17AE23C0C88500EC96CE /* ARBall.swift in Sources */,
				ED3A179A23C0C78100EC96CE /* AppDelegate.swift in Sources */,
				ED3A179C23C0C78100EC96CE /* SceneDelegate.swift in Sources */,
			);
			runOnlyForDeploymentPostprocessing = 0;
		};
/* End PBXSourcesBuildPhase section */

/* Begin PBXVariantGroup section */
		ED3A179F23C0C78100EC96CE /* Main.storyboard */ = {
			isa = PBXVariantGroup;
			children = (
				ED3A17A023C0C78100EC96CE /* Base */,
			);
			name = Main.storyboard;
			sourceTree = "<group>";
		};
		ED3A17A423C0C78400EC96CE /* LaunchScreen.storyboard */ = {
			isa = PBXVariantGroup;
			children = (
				ED3A17A523C0C78400EC96CE /* Base */,
			);
			name = LaunchScreen.storyboard;
			sourceTree = "<group>";
		};
/* End PBXVariantGroup section */

/* Begin XCBuildConfiguration section */
		ED3A17A823C0C78400EC96CE /* Debug */ = {
			isa = XCBuildConfiguration;
			buildSettings = {
				ALWAYS_SEARCH_USER_PATHS = NO;
				CLANG_ANALYZER_NONNULL = YES;
				CLANG_ANALYZER_NUMBER_OBJECT_CONVERSION = YES_AGGRESSIVE;
				CLANG_CXX_LANGUAGE_STANDARD = "gnu++14";
				CLANG_CXX_LIBRARY = "libc++";
				CLANG_ENABLE_MODULES = YES;
				CLANG_ENABLE_OBJC_ARC = YES;
				CLANG_ENABLE_OBJC_WEAK = YES;
				CLANG_WARN_BLOCK_CAPTURE_AUTORELEASING = YES;
				CLANG_WARN_BOOL_CONVERSION = YES;
				CLANG_WARN_COMMA = YES;
				CLANG_WARN_CONSTANT_CONVERSION = YES;
				CLANG_WARN_DEPRECATED_OBJC_IMPLEMENTATIONS = YES;
				CLANG_WARN_DIRECT_OBJC_ISA_USAGE = YES_ERROR;
				CLANG_WARN_DOCUMENTATION_COMMENTS = YES;
				CLANG_WARN_EMPTY_BODY = YES;
				CLANG_WARN_ENUM_CONVERSION = YES;
				CLANG_WARN_INFINITE_RECURSION = YES;
				CLANG_WARN_INT_CONVERSION = YES;
				CLANG_WARN_NON_LITERAL_NULL_CONVERSION = YES;
				CLANG_WARN_OBJC_IMPLICIT_RETAIN_SELF = YES;
				CLANG_WARN_OBJC_LITERAL_CONVERSION = YES;
				CLANG_WARN_OBJC_ROOT_CLASS = YES_ERROR;
				CLANG_WARN_RANGE_LOOP_ANALYSIS = YES;
				CLANG_WARN_STRICT_PROTOTYPES = YES;
				CLANG_WARN_SUSPICIOUS_MOVE = YES;
				CLANG_WARN_UNGUARDED_AVAILABILITY = YES_AGGRESSIVE;
				CLANG_WARN_UNREACHABLE_CODE = YES;
				CLANG_WARN__DUPLICATE_METHOD_MATCH = YES;
				COPY_PHASE_STRIP = NO;
				DEBUG_INFORMATION_FORMAT = dwarf;
				ENABLE_STRICT_OBJC_MSGSEND = YES;
				ENABLE_TESTABILITY = YES;
				GCC_C_LANGUAGE_STANDARD = gnu11;
				GCC_DYNAMIC_NO_PIC = NO;
				GCC_NO_COMMON_BLOCKS = YES;
				GCC_OPTIMIZATION_LEVEL = 0;
				GCC_PREPROCESSOR_DEFINITIONS = (
					"DEBUG=1",
					"$(inherited)",
				);
				GCC_WARN_64_TO_32_BIT_CONVERSION = YES;
				GCC_WARN_ABOUT_RETURN_TYPE = YES_ERROR;
				GCC_WARN_UNDECLARED_SELECTOR = YES;
				GCC_WARN_UNINITIALIZED_AUTOS = YES_AGGRESSIVE;
				GCC_WARN_UNUSED_FUNCTION = YES;
				GCC_WARN_UNUSED_VARIABLE = YES;
				IPHONEOS_DEPLOYMENT_TARGET = 13.2;
				MTL_ENABLE_DEBUG_INFO = INCLUDE_SOURCE;
				MTL_FAST_MATH = YES;
				ONLY_ACTIVE_ARCH = YES;
				SDKROOT = iphoneos;
				SWIFT_ACTIVE_COMPILATION_CONDITIONS = DEBUG;
				SWIFT_OPTIMIZATION_LEVEL = "-Onone";
			};
			name = Debug;
		};
		ED3A17A923C0C78400EC96CE /* Release */ = {
			isa = XCBuildConfiguration;
			buildSettings = {
				ALWAYS_SEARCH_USER_PATHS = NO;
				CLANG_ANALYZER_NONNULL = YES;
				CLANG_ANALYZER_NUMBER_OBJECT_CONVERSION = YES_AGGRESSIVE;
				CLANG_CXX_LANGUAGE_STANDARD = "gnu++14";
				CLANG_CXX_LIBRARY = "libc++";
				CLANG_ENABLE_MODULES = YES;
				CLANG_ENABLE_OBJC_ARC = YES;
				CLANG_ENABLE_OBJC_WEAK = YES;
				CLANG_WARN_BLOCK_CAPTURE_AUTORELEASING = YES;
				CLANG_WARN_BOOL_CONVERSION = YES;
				CLANG_WARN_COMMA = YES;
				CLANG_WARN_CONSTANT_CONVERSION = YES;
				CLANG_WARN_DEPRECATED_OBJC_IMPLEMENTATIONS = YES;
				CLANG_WARN_DIRECT_OBJC_ISA_USAGE = YES_ERROR;
				CLANG_WARN_DOCUMENTATION_COMMENTS = YES;
				CLANG_WARN_EMPTY_BODY = YES;
				CLANG_WARN_ENUM_CONVERSION = YES;
				CLANG_WARN_INFINITE_RECURSION = YES;
				CLANG_WARN_INT_CONVERSION = YES;
				CLANG_WARN_NON_LITERAL_NULL_CONVERSION = YES;
				CLANG_WARN_OBJC_IMPLICIT_RETAIN_SELF = YES;
				CLANG_WARN_OBJC_LITERAL_CONVERSION = YES;
				CLANG_WARN_OBJC_ROOT_CLASS = YES_ERROR;
				CLANG_WARN_RANGE_LOOP_ANALYSIS = YES;
				CLANG_WARN_STRICT_PROTOTYPES = YES;
				CLANG_WARN_SUSPICIOUS_MOVE = YES;
				CLANG_WARN_UNGUARDED_AVAILABILITY = YES_AGGRESSIVE;
				CLANG_WARN_UNREACHABLE_CODE = YES;
				CLANG_WARN__DUPLICATE_METHOD_MATCH = YES;
				COPY_PHASE_STRIP = NO;
				DEBUG_INFORMATION_FORMAT = "dwarf-with-dsym";
				ENABLE_NS_ASSERTIONS = NO;
				ENABLE_STRICT_OBJC_MSGSEND = YES;
				GCC_C_LANGUAGE_STANDARD = gnu11;
				GCC_NO_COMMON_BLOCKS = YES;
				GCC_WARN_64_TO_32_BIT_CONVERSION = YES;
				GCC_WARN_ABOUT_RETURN_TYPE = YES_ERROR;
				GCC_WARN_UNDECLARED_SELECTOR = YES;
				GCC_WARN_UNINITIALIZED_AUTOS = YES_AGGRESSIVE;
				GCC_WARN_UNUSED_FUNCTION = YES;
				GCC_WARN_UNUSED_VARIABLE = YES;
				IPHONEOS_DEPLOYMENT_TARGET = 13.2;
				MTL_ENABLE_DEBUG_INFO = NO;
				MTL_FAST_MATH = YES;
				SDKROOT = iphoneos;
				SWIFT_COMPILATION_MODE = wholemodule;
				SWIFT_OPTIMIZATION_LEVEL = "-O";
				VALIDATE_PRODUCT = YES;
			};
			name = Release;
		};
		ED3A17AB23C0C78400EC96CE /* Debug */ = {
			isa = XCBuildConfiguration;
			buildSettings = {
				ASSETCATALOG_COMPILER_APPICON_NAME = AppIcon;
				CODE_SIGN_STYLE = Automatic;
				DEVELOPMENT_TEAM = 7PN6PXP9S4;
				INFOPLIST_FILE = AR/Info.plist;
				LD_RUNPATH_SEARCH_PATHS = (
					"$(inherited)",
					"@executable_path/Frameworks",
				);
				PRODUCT_BUNDLE_IDENTIFIER = com.appcraft.dsgo;
				PRODUCT_NAME = "$(TARGET_NAME)";
				SWIFT_VERSION = 5.0;
				TARGETED_DEVICE_FAMILY = "1,2";
			};
			name = Debug;
		};
		ED3A17AC23C0C78400EC96CE /* Release */ = {
			isa = XCBuildConfiguration;
			buildSettings = {
				ASSETCATALOG_COMPILER_APPICON_NAME = AppIcon;
				CODE_SIGN_STYLE = Automatic;
				DEVELOPMENT_TEAM = 7PN6PXP9S4;
				INFOPLIST_FILE = AR/Info.plist;
				LD_RUNPATH_SEARCH_PATHS = (
					"$(inherited)",
					"@executable_path/Frameworks",
				);
				PRODUCT_BUNDLE_IDENTIFIER = com.appcraft.dsgo;
				PRODUCT_NAME = "$(TARGET_NAME)";
				SWIFT_VERSION = 5.0;
				TARGETED_DEVICE_FAMILY = "1,2";
			};
			name = Release;
		};
/* End XCBuildConfiguration section */

/* Begin XCConfigurationList section */
		ED3A179123C0C78100EC96CE /* Build configuration list for PBXProject "AR" */ = {
			isa = XCConfigurationList;
			buildConfigurations = (
				ED3A17A823C0C78400EC96CE /* Debug */,
				ED3A17A923C0C78400EC96CE /* Release */,
			);
			defaultConfigurationIsVisible = 0;
			defaultConfigurationName = Release;
		};
		ED3A17AA23C0C78400EC96CE /* Build configuration list for PBXNativeTarget "AR" */ = {
			isa = XCConfigurationList;
			buildConfigurations = (
				ED3A17AB23C0C78400EC96CE /* Debug */,
				ED3A17AC23C0C78400EC96CE /* Release */,
			);
			defaultConfigurationIsVisible = 0;
			defaultConfigurationName = Release;
		};
/* End XCConfigurationList section */
	};
	rootObject = ED3A178E23C0C78100EC96CE /* Project object */;
}
